
Microsoft Visual Studio Solution File, Format Version 12.00
# Visual Studio Version 16
VisualStudioVersion = 16.0.30011.22
MinimumVisualStudioVersion = 10.0.40219.1
Project("{9A19103F-16F7-4668-BE54-9A1E7A4F7556}") = "MHR-Editor", "MHR-Editor.csproj", "{DFC6EB49-4C99-461A-BEAD-73AFC7212BD8}"
EndProject
Global
	GlobalSection(SolutionConfigurationPlatforms) = preSolution
		Debug|Any CPU = Debug|Any CPU
		Release|Any CPU = Release|Any CPU
	EndGlobalSection
	GlobalSection(ProjectConfigurationPlatforms) = postSolution
		{DFC6EB49-4C99-461A-BEAD-73AFC7212BD8}.Debug|Any CPU.ActiveCfg = Debug|Any CPU
		{DFC6EB49-4C99-461A-BEAD-73AFC7212BD8}.Debug|Any CPU.Build.0 = Debug|Any CPU
		{DFC6EB49-4C99-461A-BEAD-73AFC7212BD8}.Release|Any CPU.ActiveCfg = Release|Any CPU
		{DFC6EB49-4C99-461A-BEAD-73AFC7212BD8}.Release|Any CPU.Build.0 = Release|Any CPU
	EndGlobalSection
	GlobalSection(SolutionProperties) = preSolution
		HideSolutionNode = FALSE
	EndGlobalSection
	GlobalSection(ExtensibilityGlobals) = postSolution
		SolutionGuid = {42D3C632-0884-464D-957D-E99783D9A8E9}
	EndGlobalSection
EndGlobal
