
Microsoft Visual Studio Solution File, Format Version 12.00
# Visual Studio Version 17
VisualStudioVersion = 17.0.32014.148
MinimumVisualStudioVersion = 10.0.40219.1
Project("{9A19103F-16F7-4668-BE54-9A1E7A4F7556}") = "RE-Editor", "RE-Editor.csproj", "{DFC6EB49-4C99-461A-BEAD-73AFC7212BD8}"
EndProject
Project("{9A19103F-16F7-4668-BE54-9A1E7A4F7556}") = "ID-Parser", "ID-Parser\ID-Parser.csproj", "{D2CC139D-7D17-44FA-B20E-88916CBB20E2}"
EndProject
Project("{9A19103F-16F7-4668-BE54-9A1E7A4F7556}") = "Common", "Common\Common.csproj", "{6E3229B6-D03B-4228-B320-55BAC693A4BD}"
EndProject
Project("{9A19103F-16F7-4668-BE54-9A1E7A4F7556}") = "Generator", "Generator\Generator.csproj", "{E3A79DD3-7CFE-4CBE-A968-14742DB6E352}"
EndProject
Project("{9A19103F-16F7-4668-BE54-9A1E7A4F7556}") = "Generated", "Generated\Generated.csproj", "{431F48FF-558E-46C8-B11B-6BA611AC7C08}"
EndProject
Project("{9A19103F-16F7-4668-BE54-9A1E7A4F7556}") = "Tests", "Tests\Tests.csproj", "{785EB9CE-B8A7-425B-8504-CEAB1839C281}"
EndProject
Project("{FAE04EC0-301F-11D3-BF4B-00C04F79EFBC}") = "Test-Result-Parser", "Test-Result-Parser\Test-Result-Parser.csproj", "{6D517929-D2FF-4B49-98C5-06F9ECF23622}"
EndProject
Global
	GlobalSection(SolutionConfigurationPlatforms) = preSolution
		Debug|Any CPU = Debug|Any CPU
		Release|Any CPU = Release|Any CPU
	EndGlobalSection
	GlobalSection(ProjectConfigurationPlatforms) = postSolution
		{DFC6EB49-4C99-461A-BEAD-73AFC7212BD8}.Debug|Any CPU.ActiveCfg = Debug|Any CPU
		{DFC6EB49-4C99-461A-BEAD-73AFC7212BD8}.Debug|Any CPU.Build.0 = Debug|Any CPU
		{DFC6EB49-4C99-461A-BEAD-73AFC7212BD8}.Release|Any CPU.ActiveCfg = Release|Any CPU
		{DFC6EB49-4C99-461A-BEAD-73AFC7212BD8}.Release|Any CPU.Build.0 = Release|Any CPU
		{D2CC139D-7D17-44FA-B20E-88916CBB20E2}.Debug|Any CPU.ActiveCfg = Debug|Any CPU
		{D2CC139D-7D17-44FA-B20E-88916CBB20E2}.Debug|Any CPU.Build.0 = Debug|Any CPU
		{D2CC139D-7D17-44FA-B20E-88916CBB20E2}.Release|Any CPU.ActiveCfg = Release|Any CPU
		{D2CC139D-7D17-44FA-B20E-88916CBB20E2}.Release|Any CPU.Build.0 = Release|Any CPU
		{6E3229B6-D03B-4228-B320-55BAC693A4BD}.Debug|Any CPU.ActiveCfg = Debug|Any CPU
		{6E3229B6-D03B-4228-B320-55BAC693A4BD}.Debug|Any CPU.Build.0 = Debug|Any CPU
		{6E3229B6-D03B-4228-B320-55BAC693A4BD}.Release|Any CPU.ActiveCfg = Release|Any CPU
		{6E3229B6-D03B-4228-B320-55BAC693A4BD}.Release|Any CPU.Build.0 = Release|Any CPU
		{E3A79DD3-7CFE-4CBE-A968-14742DB6E352}.Debug|Any CPU.ActiveCfg = Debug|Any CPU
		{E3A79DD3-7CFE-4CBE-A968-14742DB6E352}.Debug|Any CPU.Build.0 = Debug|Any CPU
		{E3A79DD3-7CFE-4CBE-A968-14742DB6E352}.Release|Any CPU.ActiveCfg = Release|Any CPU
		{E3A79DD3-7CFE-4CBE-A968-14742DB6E352}.Release|Any CPU.Build.0 = Release|Any CPU
		{431F48FF-558E-46C8-B11B-6BA611AC7C08}.Debug|Any CPU.ActiveCfg = Debug|Any CPU
		{431F48FF-558E-46C8-B11B-6BA611AC7C08}.Debug|Any CPU.Build.0 = Debug|Any CPU
		{431F48FF-558E-46C8-B11B-6BA611AC7C08}.Release|Any CPU.ActiveCfg = Release|Any CPU
		{431F48FF-558E-46C8-B11B-6BA611AC7C08}.Release|Any CPU.Build.0 = Release|Any CPU
		{785EB9CE-B8A7-425B-8504-CEAB1839C281}.Debug|Any CPU.ActiveCfg = Debug|Any CPU
		{785EB9CE-B8A7-425B-8504-CEAB1839C281}.Debug|Any CPU.Build.0 = Debug|Any CPU
		{785EB9CE-B8A7-425B-8504-CEAB1839C281}.Release|Any CPU.ActiveCfg = Release|Any CPU
		{785EB9CE-B8A7-425B-8504-CEAB1839C281}.Release|Any CPU.Build.0 = Release|Any CPU
		{6D517929-D2FF-4B49-98C5-06F9ECF23622}.Debug|Any CPU.ActiveCfg = Debug|Any CPU
		{6D517929-D2FF-4B49-98C5-06F9ECF23622}.Debug|Any CPU.Build.0 = Debug|Any CPU
		{6D517929-D2FF-4B49-98C5-06F9ECF23622}.Release|Any CPU.ActiveCfg = Release|Any CPU
		{6D517929-D2FF-4B49-98C5-06F9ECF23622}.Release|Any CPU.Build.0 = Release|Any CPU
	EndGlobalSection
	GlobalSection(SolutionProperties) = preSolution
		HideSolutionNode = FALSE
	EndGlobalSection
	GlobalSection(ExtensibilityGlobals) = postSolution
		SolutionGuid = {42D3C632-0884-464D-957D-E99783D9A8E9}
	EndGlobalSection
EndGlobal
